
Microsoft Visual Studio Solution File, Format Version 12.00
# Visual Studio 14
VisualStudioVersion = 14.0.25123.0
MinimumVisualStudioVersion = 10.0.40219.1
Project("{FAE04EC0-301F-11D3-BF4B-00C04F79EFBC}") = "EstateSolrControl", "EstateSolrControl\EstateSolrControl.csproj", "{3827F3CF-E4DD-457C-B791-A5B7F957E04B}"
EndProject
Project("{FAE04EC0-301F-11D3-BF4B-00C04F79EFBC}") = "EasyNet.Solr", "EasyNet.Solr\EasyNet.Solr.csproj", "{68D7B310-D02C-4503-9CAA-9F3AF0D24FB5}"
EndProject
Global
	GlobalSection(SolutionConfigurationPlatforms) = preSolution
		Debug|Any CPU = Debug|Any CPU
		Release|Any CPU = Release|Any CPU
	EndGlobalSection
	GlobalSection(ProjectConfigurationPlatforms) = postSolution
		{3827F3CF-E4DD-457C-B791-A5B7F957E04B}.Debug|Any CPU.ActiveCfg = Debug|Any CPU
		{3827F3CF-E4DD-457C-B791-A5B7F957E04B}.Debug|Any CPU.Build.0 = Debug|Any CPU
		{3827F3CF-E4DD-457C-B791-A5B7F957E04B}.Release|Any CPU.ActiveCfg = Release|Any CPU
		{3827F3CF-E4DD-457C-B791-A5B7F957E04B}.Release|Any CPU.Build.0 = Release|Any CPU
		{68D7B310-D02C-4503-9CAA-9F3AF0D24FB5}.Debug|Any CPU.ActiveCfg = Debug|Any CPU
		{68D7B310-D02C-4503-9CAA-9F3AF0D24FB5}.Debug|Any CPU.Build.0 = Debug|Any CPU
		{68D7B310-D02C-4503-9CAA-9F3AF0D24FB5}.Release|Any CPU.ActiveCfg = Release|Any CPU
		{68D7B310-D02C-4503-9CAA-9F3AF0D24FB5}.Release|Any CPU.Build.0 = Release|Any CPU
	EndGlobalSection
	GlobalSection(SolutionProperties) = preSolution
		HideSolutionNode = FALSE
	EndGlobalSection
EndGlobal
